
Microsoft Visual Studio Solution File, Format Version 12.00
# Visual Studio 15
VisualStudioVersion = 15.0.27130.2010
MinimumVisualStudioVersion = 10.0.40219.1
Project("{FAE04EC0-301F-11D3-BF4B-00C04F79EFBC}") = "LoginBiblioteca", "LoginBiblioteca\LoginBiblioteca.csproj", "{BDCA3366-E3F4-4744-9D56-FF7F1256E7FE}"
EndProject
Global
	GlobalSection(SolutionConfigurationPlatforms) = preSolution
		Debug|Any CPU = Debug|Any CPU
		Release|Any CPU = Release|Any CPU
	EndGlobalSection
	GlobalSection(ProjectConfigurationPlatforms) = postSolution
		{BDCA3366-E3F4-4744-9D56-FF7F1256E7FE}.Debug|Any CPU.ActiveCfg = Debug|Any CPU
		{BDCA3366-E3F4-4744-9D56-FF7F1256E7FE}.Debug|Any CPU.Build.0 = Debug|Any CPU
		{BDCA3366-E3F4-4744-9D56-FF7F1256E7FE}.Release|Any CPU.ActiveCfg = Release|Any CPU
		{BDCA3366-E3F4-4744-9D56-FF7F1256E7FE}.Release|Any CPU.Build.0 = Release|Any CPU
	EndGlobalSection
	GlobalSection(SolutionProperties) = preSolution
		HideSolutionNode = FALSE
	EndGlobalSection
	GlobalSection(ExtensibilityGlobals) = postSolution
		SolutionGuid = {0F28BA58-8291-4D17-9A55-3A2E9E612495}
	EndGlobalSection
EndGlobal
